
Microsoft Visual Studio Solution File, Format Version 12.00
# Visual Studio Version 17
VisualStudioVersion = 17.10.35027.167
MinimumVisualStudioVersion = 10.0.40219.1
Project("{2150E333-8FDC-42A3-9474-1A3956D46DE8}") = "src", "src", "{B9C80B55-9D76-43C9-959A-610FD4E0D43F}"
EndProject
Project("{FAE04EC0-301F-11D3-BF4B-00C04F79EFBC}") = "MaxiShop.web", "MaxiShop.web\MaxiShop.web.csproj", "{2455FB1E-B5C8-4F3E-B36E-287C7C7C2547}"
EndProject
Global
	GlobalSection(SolutionConfigurationPlatforms) = preSolution
		Debug|Any CPU = Debug|Any CPU
		Release|Any CPU = Release|Any CPU
	EndGlobalSection
	GlobalSection(ProjectConfigurationPlatforms) = postSolution
		{2455FB1E-B5C8-4F3E-B36E-287C7C7C2547}.Debug|Any CPU.ActiveCfg = Debug|Any CPU
		{2455FB1E-B5C8-4F3E-B36E-287C7C7C2547}.Debug|Any CPU.Build.0 = Debug|Any CPU
		{2455FB1E-B5C8-4F3E-B36E-287C7C7C2547}.Release|Any CPU.ActiveCfg = Release|Any CPU
		{2455FB1E-B5C8-4F3E-B36E-287C7C7C2547}.Release|Any CPU.Build.0 = Release|Any CPU
	EndGlobalSection
	GlobalSection(SolutionProperties) = preSolution
		HideSolutionNode = FALSE
	EndGlobalSection
	GlobalSection(NestedProjects) = preSolution
		{2455FB1E-B5C8-4F3E-B36E-287C7C7C2547} = {B9C80B55-9D76-43C9-959A-610FD4E0D43F}
	EndGlobalSection
	GlobalSection(ExtensibilityGlobals) = postSolution
		SolutionGuid = {275D6069-FE94-498D-9E93-16FA56522914}
	EndGlobalSection
EndGlobal
